
Microsoft Visual Studio Solution File, Format Version 12.00
# Visual Studio 16
Project("{FAE04EC0-301F-11D3-BF4B-00C04F79EFBC}") = "Assembly-CSharp", "Assembly-CSharp.csproj", "{84A0ED8A-8320-DDE2-392B-695C2B9A28A0}"
EndProject
Project("{FAE04EC0-301F-11D3-BF4B-00C04F79EFBC}") = "Oculus.VR", "Oculus.VR.csproj", "{01B8633B-9EC6-3840-A738-5B2ADD53991E}"
EndProject
Project("{FAE04EC0-301F-11D3-BF4B-00C04F79EFBC}") = "Assembly-CSharp-Editor", "Assembly-CSharp-Editor.csproj", "{B163822B-15BE-5DD9-436E-361B658EB569}"
EndProject
Project("{FAE04EC0-301F-11D3-BF4B-00C04F79EFBC}") = "Oculus.VR.Scripts.Editor", "Oculus.VR.Scripts.Editor.csproj", "{4BB1C926-8534-FEDD-36FB-32743111A99E}"
EndProject
Project("{FAE04EC0-301F-11D3-BF4B-00C04F79EFBC}") = "Oculus.VR.Editor", "Oculus.VR.Editor.csproj", "{2106D76D-7D39-0702-EB54-931DF16B4B80}"
EndProject
Global
	GlobalSection(SolutionConfigurationPlatforms) = preSolution
		Debug|Any CPU = Debug|Any CPU
		Release|Any CPU = Release|Any CPU
	EndGlobalSection
	GlobalSection(ProjectConfigurationPlatforms) = postSolution
		{84A0ED8A-8320-DDE2-392B-695C2B9A28A0}.Debug|Any CPU.ActiveCfg = Debug|Any CPU
		{84A0ED8A-8320-DDE2-392B-695C2B9A28A0}.Debug|Any CPU.Build.0 = Debug|Any CPU
		{84A0ED8A-8320-DDE2-392B-695C2B9A28A0}.Release|Any CPU.ActiveCfg = Release|Any CPU
		{84A0ED8A-8320-DDE2-392B-695C2B9A28A0}.Release|Any CPU.Build.0 = Release|Any CPU
		{01B8633B-9EC6-3840-A738-5B2ADD53991E}.Debug|Any CPU.ActiveCfg = Debug|Any CPU
		{01B8633B-9EC6-3840-A738-5B2ADD53991E}.Debug|Any CPU.Build.0 = Debug|Any CPU
		{01B8633B-9EC6-3840-A738-5B2ADD53991E}.Release|Any CPU.ActiveCfg = Release|Any CPU
		{01B8633B-9EC6-3840-A738-5B2ADD53991E}.Release|Any CPU.Build.0 = Release|Any CPU
		{B163822B-15BE-5DD9-436E-361B658EB569}.Debug|Any CPU.ActiveCfg = Debug|Any CPU
		{B163822B-15BE-5DD9-436E-361B658EB569}.Debug|Any CPU.Build.0 = Debug|Any CPU
		{B163822B-15BE-5DD9-436E-361B658EB569}.Release|Any CPU.ActiveCfg = Release|Any CPU
		{B163822B-15BE-5DD9-436E-361B658EB569}.Release|Any CPU.Build.0 = Release|Any CPU
		{4BB1C926-8534-FEDD-36FB-32743111A99E}.Debug|Any CPU.ActiveCfg = Debug|Any CPU
		{4BB1C926-8534-FEDD-36FB-32743111A99E}.Debug|Any CPU.Build.0 = Debug|Any CPU
		{4BB1C926-8534-FEDD-36FB-32743111A99E}.Release|Any CPU.ActiveCfg = Release|Any CPU
		{4BB1C926-8534-FEDD-36FB-32743111A99E}.Release|Any CPU.Build.0 = Release|Any CPU
		{2106D76D-7D39-0702-EB54-931DF16B4B80}.Debug|Any CPU.ActiveCfg = Debug|Any CPU
		{2106D76D-7D39-0702-EB54-931DF16B4B80}.Debug|Any CPU.Build.0 = Debug|Any CPU
		{2106D76D-7D39-0702-EB54-931DF16B4B80}.Release|Any CPU.ActiveCfg = Release|Any CPU
		{2106D76D-7D39-0702-EB54-931DF16B4B80}.Release|Any CPU.Build.0 = Release|Any CPU
	EndGlobalSection
	GlobalSection(SolutionProperties) = preSolution
		HideSolutionNode = FALSE
	EndGlobalSection
EndGlobal
